
Microsoft Visual Studio Solution File, Format Version 12.00
# Visual Studio 15
VisualStudioVersion = 15.0.28010.2019
MinimumVisualStudioVersion = 10.0.40219.1
Project("{FAE04EC0-301F-11D3-BF4B-00C04F79EFBC}") = "SumoLogicHangfire", "src\SumoLogicHangfire\SumoLogicHangfire.csproj", "{41693C75-431B-4173-B5B9-40D905DC2E30}"
EndProject
Global
	GlobalSection(SolutionConfigurationPlatforms) = preSolution
		Debug|Any CPU = Debug|Any CPU
		Release|Any CPU = Release|Any CPU
	EndGlobalSection
	GlobalSection(ProjectConfigurationPlatforms) = postSolution
		{41693C75-431B-4173-B5B9-40D905DC2E30}.Debug|Any CPU.ActiveCfg = Debug|Any CPU
		{41693C75-431B-4173-B5B9-40D905DC2E30}.Debug|Any CPU.Build.0 = Debug|Any CPU
		{41693C75-431B-4173-B5B9-40D905DC2E30}.Release|Any CPU.ActiveCfg = Release|Any CPU
		{41693C75-431B-4173-B5B9-40D905DC2E30}.Release|Any CPU.Build.0 = Release|Any CPU
	EndGlobalSection
	GlobalSection(SolutionProperties) = preSolution
		HideSolutionNode = FALSE
	EndGlobalSection
	GlobalSection(ExtensibilityGlobals) = postSolution
		SolutionGuid = {0B65D406-F990-4B2F-B6E4-D3687C474344}
	EndGlobalSection
EndGlobal
